
Microsoft Visual Studio Solution File, Format Version 12.00
# Visual Studio Version 17
VisualStudioVersion = 17.8.34330.188
MinimumVisualStudioVersion = 10.0.40219.1
Project("{9A19103F-16F7-4668-BE54-9A1E7A4F7556}") = "PedidosApi.Services", "PedidosApi.Services\PedidosApi.Services.csproj", "{3509EC78-6612-4FB9-8C76-326DC577150E}"
EndProject
Project("{2150E333-8FDC-42A3-9474-1A3956D46DE8}") = "API", "API", "{D7418DA9-4EC5-40CF-952E-884D54C52C05}"
EndProject
Project("{2150E333-8FDC-42A3-9474-1A3956D46DE8}") = "DDD", "DDD", "{1DF9B882-80F9-4A47-B664-14ACA6DE0323}"
EndProject
Project("{2150E333-8FDC-42A3-9474-1A3956D46DE8}") = "Application", "Application", "{DFFB3489-B00A-4887-96E3-FAE6135BB586}"
EndProject
Project("{2150E333-8FDC-42A3-9474-1A3956D46DE8}") = "Domain", "Domain", "{2475381F-8B9C-4E1A-B3C3-3E8CB232C20B}"
EndProject
Project("{2150E333-8FDC-42A3-9474-1A3956D46DE8}") = "Infrastructure", "Infrastructure", "{051FB693-63F0-4240-B875-65686D3A2598}"
EndProject
Project("{9A19103F-16F7-4668-BE54-9A1E7A4F7556}") = "PedidosApi.Application", "PedidosApi.Application\PedidosApi.Application.csproj", "{C84AAC4B-1D0A-42E5-9460-47264DAF1DC2}"
EndProject
Project("{9A19103F-16F7-4668-BE54-9A1E7A4F7556}") = "PedidosApi.Domain", "PedidosApi.Domain\PedidosApi.Domain.csproj", "{558C8D29-82EE-44B0-8114-1EC618B7CEEC}"
EndProject
Project("{9A19103F-16F7-4668-BE54-9A1E7A4F7556}") = "PedidosApi.Infra.Data", "PedidosApi.Infra.Data\PedidosApi.Infra.Data.csproj", "{2FB2B8C4-517E-48CF-9050-EE388C9302DF}"
EndProject
Project("{E53339B2-1760-4266-BCC7-CA923CBCF16C}") = "docker-compose", "docker-compose.dcproj", "{F08F7BB1-4E69-4143-900B-832B571B292B}"
EndProject
Project("{9A19103F-16F7-4668-BE54-9A1E7A4F7556}") = "PedidosApi.Infra.Messages", "..\PedidosApi.Infra.Messages\PedidosApi.Infra.Messages.csproj", "{30CA980E-A818-43FA-BC9A-E3493D87700D}"
EndProject
Global
	GlobalSection(SolutionConfigurationPlatforms) = preSolution
		Debug|Any CPU = Debug|Any CPU
		Release|Any CPU = Release|Any CPU
	EndGlobalSection
	GlobalSection(ProjectConfigurationPlatforms) = postSolution
		{3509EC78-6612-4FB9-8C76-326DC577150E}.Debug|Any CPU.ActiveCfg = Debug|Any CPU
		{3509EC78-6612-4FB9-8C76-326DC577150E}.Debug|Any CPU.Build.0 = Debug|Any CPU
		{3509EC78-6612-4FB9-8C76-326DC577150E}.Release|Any CPU.ActiveCfg = Release|Any CPU
		{3509EC78-6612-4FB9-8C76-326DC577150E}.Release|Any CPU.Build.0 = Release|Any CPU
		{C84AAC4B-1D0A-42E5-9460-47264DAF1DC2}.Debug|Any CPU.ActiveCfg = Debug|Any CPU
		{C84AAC4B-1D0A-42E5-9460-47264DAF1DC2}.Debug|Any CPU.Build.0 = Debug|Any CPU
		{C84AAC4B-1D0A-42E5-9460-47264DAF1DC2}.Release|Any CPU.ActiveCfg = Release|Any CPU
		{C84AAC4B-1D0A-42E5-9460-47264DAF1DC2}.Release|Any CPU.Build.0 = Release|Any CPU
		{558C8D29-82EE-44B0-8114-1EC618B7CEEC}.Debug|Any CPU.ActiveCfg = Debug|Any CPU
		{558C8D29-82EE-44B0-8114-1EC618B7CEEC}.Debug|Any CPU.Build.0 = Debug|Any CPU
		{558C8D29-82EE-44B0-8114-1EC618B7CEEC}.Release|Any CPU.ActiveCfg = Release|Any CPU
		{558C8D29-82EE-44B0-8114-1EC618B7CEEC}.Release|Any CPU.Build.0 = Release|Any CPU
		{2FB2B8C4-517E-48CF-9050-EE388C9302DF}.Debug|Any CPU.ActiveCfg = Debug|Any CPU
		{2FB2B8C4-517E-48CF-9050-EE388C9302DF}.Debug|Any CPU.Build.0 = Debug|Any CPU
		{2FB2B8C4-517E-48CF-9050-EE388C9302DF}.Release|Any CPU.ActiveCfg = Release|Any CPU
		{2FB2B8C4-517E-48CF-9050-EE388C9302DF}.Release|Any CPU.Build.0 = Release|Any CPU
		{F08F7BB1-4E69-4143-900B-832B571B292B}.Debug|Any CPU.ActiveCfg = Debug|Any CPU
		{F08F7BB1-4E69-4143-900B-832B571B292B}.Debug|Any CPU.Build.0 = Debug|Any CPU
		{F08F7BB1-4E69-4143-900B-832B571B292B}.Release|Any CPU.ActiveCfg = Release|Any CPU
		{F08F7BB1-4E69-4143-900B-832B571B292B}.Release|Any CPU.Build.0 = Release|Any CPU
		{30CA980E-A818-43FA-BC9A-E3493D87700D}.Debug|Any CPU.ActiveCfg = Debug|Any CPU
		{30CA980E-A818-43FA-BC9A-E3493D87700D}.Debug|Any CPU.Build.0 = Debug|Any CPU
		{30CA980E-A818-43FA-BC9A-E3493D87700D}.Release|Any CPU.ActiveCfg = Release|Any CPU
		{30CA980E-A818-43FA-BC9A-E3493D87700D}.Release|Any CPU.Build.0 = Release|Any CPU
	EndGlobalSection
	GlobalSection(SolutionProperties) = preSolution
		HideSolutionNode = FALSE
	EndGlobalSection
	GlobalSection(NestedProjects) = preSolution
		{3509EC78-6612-4FB9-8C76-326DC577150E} = {D7418DA9-4EC5-40CF-952E-884D54C52C05}
		{DFFB3489-B00A-4887-96E3-FAE6135BB586} = {1DF9B882-80F9-4A47-B664-14ACA6DE0323}
		{2475381F-8B9C-4E1A-B3C3-3E8CB232C20B} = {1DF9B882-80F9-4A47-B664-14ACA6DE0323}
		{051FB693-63F0-4240-B875-65686D3A2598} = {1DF9B882-80F9-4A47-B664-14ACA6DE0323}
		{C84AAC4B-1D0A-42E5-9460-47264DAF1DC2} = {DFFB3489-B00A-4887-96E3-FAE6135BB586}
		{558C8D29-82EE-44B0-8114-1EC618B7CEEC} = {2475381F-8B9C-4E1A-B3C3-3E8CB232C20B}
		{2FB2B8C4-517E-48CF-9050-EE388C9302DF} = {051FB693-63F0-4240-B875-65686D3A2598}
		{30CA980E-A818-43FA-BC9A-E3493D87700D} = {051FB693-63F0-4240-B875-65686D3A2598}
	EndGlobalSection
	GlobalSection(ExtensibilityGlobals) = postSolution
		SolutionGuid = {0CFFC766-CE99-430C-B8CC-D6C71C61CE2C}
	EndGlobalSection
EndGlobal
